
Microsoft Visual Studio Solution File, Format Version 12.00
# Visual Studio Version 17
VisualStudioVersion = 17.3.32929.385
MinimumVisualStudioVersion = 10.0.40219.1
Project("{9A19103F-16F7-4668-BE54-9A1E7A4F7556}") = "Plugin-Framework", "Plugin-Framework\Plugin-Framework.csproj", "{7E8EBE81-6E33-4BE1-966F-47AA0562488F}"
EndProject
Project("{FAE04EC0-301F-11D3-BF4B-00C04F79EFBC}") = "TestImageEditorAPI", "TestImageEditorAPI\TestImageEditorAPI.csproj", "{16ABCA03-F35A-41FC-A219-AC982FA2445D}"
EndProject
Global
	GlobalSection(SolutionConfigurationPlatforms) = preSolution
		Debug|Any CPU = Debug|Any CPU
		Release|Any CPU = Release|Any CPU
	EndGlobalSection
	GlobalSection(ProjectConfigurationPlatforms) = postSolution
		{7E8EBE81-6E33-4BE1-966F-47AA0562488F}.Debug|Any CPU.ActiveCfg = Debug|Any CPU
		{7E8EBE81-6E33-4BE1-966F-47AA0562488F}.Debug|Any CPU.Build.0 = Debug|Any CPU
		{7E8EBE81-6E33-4BE1-966F-47AA0562488F}.Release|Any CPU.ActiveCfg = Release|Any CPU
		{7E8EBE81-6E33-4BE1-966F-47AA0562488F}.Release|Any CPU.Build.0 = Release|Any CPU
		{16ABCA03-F35A-41FC-A219-AC982FA2445D}.Debug|Any CPU.ActiveCfg = Debug|Any CPU
		{16ABCA03-F35A-41FC-A219-AC982FA2445D}.Debug|Any CPU.Build.0 = Debug|Any CPU
		{16ABCA03-F35A-41FC-A219-AC982FA2445D}.Release|Any CPU.ActiveCfg = Release|Any CPU
		{16ABCA03-F35A-41FC-A219-AC982FA2445D}.Release|Any CPU.Build.0 = Release|Any CPU
	EndGlobalSection
	GlobalSection(SolutionProperties) = preSolution
		HideSolutionNode = FALSE
	EndGlobalSection
	GlobalSection(ExtensibilityGlobals) = postSolution
		SolutionGuid = {1A51DEA6-B7F6-44D6-95A1-3005A17B8066}
	EndGlobalSection
EndGlobal
